
Microsoft Visual Studio Solution File, Format Version 12.00
# Visual Studio Version 17
VisualStudioVersion = 17.5.002.0
MinimumVisualStudioVersion = 10.0.40219.1
Project("{9A19103F-16F7-4668-BE54-9A1E7A4F7556}") = "Catalog.API", "Catalog.API.csproj", "{C5C56051-A4A6-42E1-BC83-EC1CAD5DA45A}"
EndProject
Global
	GlobalSection(SolutionConfigurationPlatforms) = preSolution
		Debug|Any CPU = Debug|Any CPU
		Release|Any CPU = Release|Any CPU
	EndGlobalSection
	GlobalSection(ProjectConfigurationPlatforms) = postSolution
		{C5C56051-A4A6-42E1-BC83-EC1CAD5DA45A}.Debug|Any CPU.ActiveCfg = Debug|Any CPU
		{C5C56051-A4A6-42E1-BC83-EC1CAD5DA45A}.Debug|Any CPU.Build.0 = Debug|Any CPU
		{C5C56051-A4A6-42E1-BC83-EC1CAD5DA45A}.Release|Any CPU.ActiveCfg = Release|Any CPU
		{C5C56051-A4A6-42E1-BC83-EC1CAD5DA45A}.Release|Any CPU.Build.0 = Release|Any CPU
	EndGlobalSection
	GlobalSection(SolutionProperties) = preSolution
		HideSolutionNode = FALSE
	EndGlobalSection
	GlobalSection(ExtensibilityGlobals) = postSolution
		SolutionGuid = {0B0D7706-8D81-4118-B729-ACBA732C63B3}
	EndGlobalSection
EndGlobal
