
Microsoft Visual Studio Solution File, Format Version 12.00
# Visual Studio Version 17
VisualStudioVersion = 17.5.002.0
MinimumVisualStudioVersion = 10.0.40219.1
Project("{9A19103F-16F7-4668-BE54-9A1E7A4F7556}") = "Auth.API", "Auth.API.csproj", "{A2D0DA1C-C8FF-4A1E-B30E-DD7F1897C6EA}"
EndProject
Global
	GlobalSection(SolutionConfigurationPlatforms) = preSolution
		Debug|Any CPU = Debug|Any CPU
		Release|Any CPU = Release|Any CPU
	EndGlobalSection
	GlobalSection(ProjectConfigurationPlatforms) = postSolution
		{A2D0DA1C-C8FF-4A1E-B30E-DD7F1897C6EA}.Debug|Any CPU.ActiveCfg = Debug|Any CPU
		{A2D0DA1C-C8FF-4A1E-B30E-DD7F1897C6EA}.Debug|Any CPU.Build.0 = Debug|Any CPU
		{A2D0DA1C-C8FF-4A1E-B30E-DD7F1897C6EA}.Release|Any CPU.ActiveCfg = Release|Any CPU
		{A2D0DA1C-C8FF-4A1E-B30E-DD7F1897C6EA}.Release|Any CPU.Build.0 = Release|Any CPU
	EndGlobalSection
	GlobalSection(SolutionProperties) = preSolution
		HideSolutionNode = FALSE
	EndGlobalSection
	GlobalSection(ExtensibilityGlobals) = postSolution
		SolutionGuid = {3ECA32D1-0415-499C-870C-A2FEA9AAEC8F}
	EndGlobalSection
EndGlobal
