
Microsoft Visual Studio Solution File, Format Version 12.00
# Visual Studio Version 17
VisualStudioVersion = 17.9.34728.123
MinimumVisualStudioVersion = 10.0.40219.1
Project("{2150E333-8FDC-42A3-9474-1A3956D46DE8}") = "Common", "Common", "{BA53CC20-9D39-49F6-93FF-D011AF57D293}"
EndProject
Project("{2150E333-8FDC-42A3-9474-1A3956D46DE8}") = "Caching", "Caching", "{F344B581-C1E0-4EE2-AA30-0FAEC1077176}"
EndProject
Project("{9A19103F-16F7-4668-BE54-9A1E7A4F7556}") = "RedisCachingService", "Common\Caching\RedisCachingService\RedisCachingService.csproj", "{034BC0C6-8D95-4750-8010-5B713F864427}"
EndProject
Project("{2150E333-8FDC-42A3-9474-1A3956D46DE8}") = "Services", "Services", "{6C913F0B-9D37-4F67-BA2B-41D4760F91BF}"
EndProject
Project("{2150E333-8FDC-42A3-9474-1A3956D46DE8}") = "Catalog", "Catalog", "{10812AE8-38A1-4044-AAC4-715FE51305E3}"
EndProject
Project("{9A19103F-16F7-4668-BE54-9A1E7A4F7556}") = "Catalog.API", "Services\Catalog\Catalog.API\Catalog.API.csproj", "{EE2F372F-C6C0-4BFF-923C-1B46FE0F950D}"
EndProject
Project("{9A19103F-16F7-4668-BE54-9A1E7A4F7556}") = "Catalog.Domain", "Services\Catalog\Catalog.Domain\Catalog.Domain.csproj", "{21EC7624-8005-4923-89D0-9D939B4B6D7F}"
EndProject
Project("{9A19103F-16F7-4668-BE54-9A1E7A4F7556}") = "Catalog.Application", "Services\Catalog\Catalog.Application\Catalog.Application.csproj", "{884A7ACF-B15A-45CA-9959-E0D0E85E012E}"
EndProject
Project("{9A19103F-16F7-4668-BE54-9A1E7A4F7556}") = "Catalog.Infrastructure", "Services\Catalog\Catalog.Infrastructure\Catalog.Infrastructure.csproj", "{9B70D335-FBA3-4C50-9059-5B4693F80198}"
EndProject
Project("{E53339B2-1760-4266-BCC7-CA923CBCF16C}") = "docker-compose", "docker-compose.dcproj", "{B46F516B-4C35-4266-B653-2978C1258919}"
EndProject
Project("{9A19103F-16F7-4668-BE54-9A1E7A4F7556}") = "Foundation", "Common\Foundation\Foundation.csproj", "{E18C24D6-9E3E-4F5A-9135-5BC9AE426824}"
EndProject
Project("{2150E333-8FDC-42A3-9474-1A3956D46DE8}") = "tests", "tests", "{8D2B627F-62F8-4E3E-BDFA-E1EA9FF8721B}"
EndProject
Project("{9A19103F-16F7-4668-BE54-9A1E7A4F7556}") = "CoffeeShop.UnitTests", "tests\CoffeeShop.UnitTests\CoffeeShop.UnitTests.csproj", "{CEAA9D06-9C52-4F38-BFBC-2B91D56A2498}"
EndProject
Project("{9A19103F-16F7-4668-BE54-9A1E7A4F7556}") = "CoffeeShop.IntegrationTests", "tests\CoffeeShop.IntegrationTests\CoffeeShop.IntegrationTests.csproj", "{BB60D8DF-2371-47B4-91BE-16453559AF7D}"
EndProject
Project("{2150E333-8FDC-42A3-9474-1A3956D46DE8}") = "ShoppingCart", "ShoppingCart", "{B07F5AA6-7686-428E-B441-8EF30632FC80}"
EndProject
Project("{9A19103F-16F7-4668-BE54-9A1E7A4F7556}") = "ShoppingCart.API", "Services\ShoppingCart\ShoppingCart.API\ShoppingCart.API.csproj", "{49E4ADFF-6819-42D8-BBCF-1B9619D4A296}"
EndProject
Project("{2150E333-8FDC-42A3-9474-1A3956D46DE8}") = "ApiGateway", "ApiGateway", "{051DE09D-0003-491E-9EFB-9158068A9436}"
EndProject
Project("{9A19103F-16F7-4668-BE54-9A1E7A4F7556}") = "ApiGateway", "ApiGateway\ApiGateway\ApiGateway.csproj", "{0E739D31-9B15-4D0A-A29E-D856C87EC664}"
EndProject
Project("{2150E333-8FDC-42A3-9474-1A3956D46DE8}") = "Ordering", "Ordering", "{27CB269E-94AA-4B33-9796-0DF55D130A54}"
EndProject
Project("{9A19103F-16F7-4668-BE54-9A1E7A4F7556}") = "Ordering.API", "Services\Ordering\Ordering.API\Ordering.API.csproj", "{8FA23A56-272D-4B79-8CB3-7E69764DE2FC}"
EndProject
Project("{9A19103F-16F7-4668-BE54-9A1E7A4F7556}") = "Messaging", "Common\Messaging\Messaging.csproj", "{AC5B67B0-AD5D-4305-AA42-87D5B9A648D5}"
EndProject
Project("{2150E333-8FDC-42A3-9474-1A3956D46DE8}") = "Auth", "Auth", "{C596DB99-3049-4AC8-99B0-0BDDD698F7AD}"
EndProject
Project("{FAE04EC0-301F-11D3-BF4B-00C04F79EFBC}") = "Auth.API", "Services\Auth\Auth.API\Auth.API.csproj", "{B94D7A0A-93EC-43FA-A7C9-27CCFBFD4314}"
EndProject
Project("{FAE04EC0-301F-11D3-BF4B-00C04F79EFBC}") = "Security", "Common\Security\Security.csproj", "{8CA5105B-EE1E-42DC-A830-8F47112680C7}"
EndProject
Project("{2150E333-8FDC-42A3-9474-1A3956D46DE8}") = "Solution Items", "Solution Items", "{7DD4F656-12C4-4DA9-8545-87F72628E897}"
	ProjectSection(SolutionItems) = preProject
		containerapp.yaml = containerapp.yaml
	EndProjectSection
EndProject
Project("{FAE04EC0-301F-11D3-BF4B-00C04F79EFBC}") = "ProcessCheckoutAzFunc", "Services\Ordering\ProcessCheckoutAzFunc\ProcessCheckoutAzFunc.csproj", "{7CF0FC94-4FEF-42E3-BD94-AF0B4CF7C0DB}"
EndProject
Global
	GlobalSection(SolutionConfigurationPlatforms) = preSolution
		Debug|Any CPU = Debug|Any CPU
		Release|Any CPU = Release|Any CPU
	EndGlobalSection
	GlobalSection(ProjectConfigurationPlatforms) = postSolution
		{034BC0C6-8D95-4750-8010-5B713F864427}.Debug|Any CPU.ActiveCfg = Debug|Any CPU
		{034BC0C6-8D95-4750-8010-5B713F864427}.Debug|Any CPU.Build.0 = Debug|Any CPU
		{034BC0C6-8D95-4750-8010-5B713F864427}.Release|Any CPU.ActiveCfg = Release|Any CPU
		{034BC0C6-8D95-4750-8010-5B713F864427}.Release|Any CPU.Build.0 = Release|Any CPU
		{EE2F372F-C6C0-4BFF-923C-1B46FE0F950D}.Debug|Any CPU.ActiveCfg = Debug|Any CPU
		{EE2F372F-C6C0-4BFF-923C-1B46FE0F950D}.Debug|Any CPU.Build.0 = Debug|Any CPU
		{EE2F372F-C6C0-4BFF-923C-1B46FE0F950D}.Release|Any CPU.ActiveCfg = Release|Any CPU
		{EE2F372F-C6C0-4BFF-923C-1B46FE0F950D}.Release|Any CPU.Build.0 = Release|Any CPU
		{21EC7624-8005-4923-89D0-9D939B4B6D7F}.Debug|Any CPU.ActiveCfg = Debug|Any CPU
		{21EC7624-8005-4923-89D0-9D939B4B6D7F}.Debug|Any CPU.Build.0 = Debug|Any CPU
		{21EC7624-8005-4923-89D0-9D939B4B6D7F}.Release|Any CPU.ActiveCfg = Release|Any CPU
		{21EC7624-8005-4923-89D0-9D939B4B6D7F}.Release|Any CPU.Build.0 = Release|Any CPU
		{884A7ACF-B15A-45CA-9959-E0D0E85E012E}.Debug|Any CPU.ActiveCfg = Debug|Any CPU
		{884A7ACF-B15A-45CA-9959-E0D0E85E012E}.Debug|Any CPU.Build.0 = Debug|Any CPU
		{884A7ACF-B15A-45CA-9959-E0D0E85E012E}.Release|Any CPU.ActiveCfg = Release|Any CPU
		{884A7ACF-B15A-45CA-9959-E0D0E85E012E}.Release|Any CPU.Build.0 = Release|Any CPU
		{9B70D335-FBA3-4C50-9059-5B4693F80198}.Debug|Any CPU.ActiveCfg = Debug|Any CPU
		{9B70D335-FBA3-4C50-9059-5B4693F80198}.Debug|Any CPU.Build.0 = Debug|Any CPU
		{9B70D335-FBA3-4C50-9059-5B4693F80198}.Release|Any CPU.ActiveCfg = Release|Any CPU
		{9B70D335-FBA3-4C50-9059-5B4693F80198}.Release|Any CPU.Build.0 = Release|Any CPU
		{B46F516B-4C35-4266-B653-2978C1258919}.Debug|Any CPU.ActiveCfg = Debug|Any CPU
		{B46F516B-4C35-4266-B653-2978C1258919}.Debug|Any CPU.Build.0 = Debug|Any CPU
		{B46F516B-4C35-4266-B653-2978C1258919}.Release|Any CPU.ActiveCfg = Release|Any CPU
		{B46F516B-4C35-4266-B653-2978C1258919}.Release|Any CPU.Build.0 = Release|Any CPU
		{E18C24D6-9E3E-4F5A-9135-5BC9AE426824}.Debug|Any CPU.ActiveCfg = Debug|Any CPU
		{E18C24D6-9E3E-4F5A-9135-5BC9AE426824}.Debug|Any CPU.Build.0 = Debug|Any CPU
		{E18C24D6-9E3E-4F5A-9135-5BC9AE426824}.Release|Any CPU.ActiveCfg = Release|Any CPU
		{E18C24D6-9E3E-4F5A-9135-5BC9AE426824}.Release|Any CPU.Build.0 = Release|Any CPU
		{CEAA9D06-9C52-4F38-BFBC-2B91D56A2498}.Debug|Any CPU.ActiveCfg = Debug|Any CPU
		{CEAA9D06-9C52-4F38-BFBC-2B91D56A2498}.Debug|Any CPU.Build.0 = Debug|Any CPU
		{CEAA9D06-9C52-4F38-BFBC-2B91D56A2498}.Release|Any CPU.ActiveCfg = Release|Any CPU
		{CEAA9D06-9C52-4F38-BFBC-2B91D56A2498}.Release|Any CPU.Build.0 = Release|Any CPU
		{BB60D8DF-2371-47B4-91BE-16453559AF7D}.Debug|Any CPU.ActiveCfg = Debug|Any CPU
		{BB60D8DF-2371-47B4-91BE-16453559AF7D}.Debug|Any CPU.Build.0 = Debug|Any CPU
		{BB60D8DF-2371-47B4-91BE-16453559AF7D}.Release|Any CPU.ActiveCfg = Release|Any CPU
		{BB60D8DF-2371-47B4-91BE-16453559AF7D}.Release|Any CPU.Build.0 = Release|Any CPU
		{49E4ADFF-6819-42D8-BBCF-1B9619D4A296}.Debug|Any CPU.ActiveCfg = Debug|Any CPU
		{49E4ADFF-6819-42D8-BBCF-1B9619D4A296}.Debug|Any CPU.Build.0 = Debug|Any CPU
		{49E4ADFF-6819-42D8-BBCF-1B9619D4A296}.Release|Any CPU.ActiveCfg = Release|Any CPU
		{49E4ADFF-6819-42D8-BBCF-1B9619D4A296}.Release|Any CPU.Build.0 = Release|Any CPU
		{0E739D31-9B15-4D0A-A29E-D856C87EC664}.Debug|Any CPU.ActiveCfg = Debug|Any CPU
		{0E739D31-9B15-4D0A-A29E-D856C87EC664}.Debug|Any CPU.Build.0 = Debug|Any CPU
		{0E739D31-9B15-4D0A-A29E-D856C87EC664}.Release|Any CPU.ActiveCfg = Release|Any CPU
		{0E739D31-9B15-4D0A-A29E-D856C87EC664}.Release|Any CPU.Build.0 = Release|Any CPU
		{8FA23A56-272D-4B79-8CB3-7E69764DE2FC}.Debug|Any CPU.ActiveCfg = Debug|Any CPU
		{8FA23A56-272D-4B79-8CB3-7E69764DE2FC}.Debug|Any CPU.Build.0 = Debug|Any CPU
		{8FA23A56-272D-4B79-8CB3-7E69764DE2FC}.Release|Any CPU.ActiveCfg = Release|Any CPU
		{8FA23A56-272D-4B79-8CB3-7E69764DE2FC}.Release|Any CPU.Build.0 = Release|Any CPU
		{AC5B67B0-AD5D-4305-AA42-87D5B9A648D5}.Debug|Any CPU.ActiveCfg = Debug|Any CPU
		{AC5B67B0-AD5D-4305-AA42-87D5B9A648D5}.Debug|Any CPU.Build.0 = Debug|Any CPU
		{AC5B67B0-AD5D-4305-AA42-87D5B9A648D5}.Release|Any CPU.ActiveCfg = Release|Any CPU
		{AC5B67B0-AD5D-4305-AA42-87D5B9A648D5}.Release|Any CPU.Build.0 = Release|Any CPU
		{B94D7A0A-93EC-43FA-A7C9-27CCFBFD4314}.Debug|Any CPU.ActiveCfg = Debug|Any CPU
		{B94D7A0A-93EC-43FA-A7C9-27CCFBFD4314}.Debug|Any CPU.Build.0 = Debug|Any CPU
		{B94D7A0A-93EC-43FA-A7C9-27CCFBFD4314}.Release|Any CPU.ActiveCfg = Release|Any CPU
		{B94D7A0A-93EC-43FA-A7C9-27CCFBFD4314}.Release|Any CPU.Build.0 = Release|Any CPU
		{8CA5105B-EE1E-42DC-A830-8F47112680C7}.Debug|Any CPU.ActiveCfg = Debug|Any CPU
		{8CA5105B-EE1E-42DC-A830-8F47112680C7}.Debug|Any CPU.Build.0 = Debug|Any CPU
		{8CA5105B-EE1E-42DC-A830-8F47112680C7}.Release|Any CPU.ActiveCfg = Release|Any CPU
		{8CA5105B-EE1E-42DC-A830-8F47112680C7}.Release|Any CPU.Build.0 = Release|Any CPU
		{7CF0FC94-4FEF-42E3-BD94-AF0B4CF7C0DB}.Debug|Any CPU.ActiveCfg = Debug|Any CPU
		{7CF0FC94-4FEF-42E3-BD94-AF0B4CF7C0DB}.Debug|Any CPU.Build.0 = Debug|Any CPU
		{7CF0FC94-4FEF-42E3-BD94-AF0B4CF7C0DB}.Release|Any CPU.ActiveCfg = Release|Any CPU
		{7CF0FC94-4FEF-42E3-BD94-AF0B4CF7C0DB}.Release|Any CPU.Build.0 = Release|Any CPU
	EndGlobalSection
	GlobalSection(SolutionProperties) = preSolution
		HideSolutionNode = FALSE
	EndGlobalSection
	GlobalSection(NestedProjects) = preSolution
		{F344B581-C1E0-4EE2-AA30-0FAEC1077176} = {BA53CC20-9D39-49F6-93FF-D011AF57D293}
		{034BC0C6-8D95-4750-8010-5B713F864427} = {F344B581-C1E0-4EE2-AA30-0FAEC1077176}
		{10812AE8-38A1-4044-AAC4-715FE51305E3} = {6C913F0B-9D37-4F67-BA2B-41D4760F91BF}
		{EE2F372F-C6C0-4BFF-923C-1B46FE0F950D} = {10812AE8-38A1-4044-AAC4-715FE51305E3}
		{21EC7624-8005-4923-89D0-9D939B4B6D7F} = {10812AE8-38A1-4044-AAC4-715FE51305E3}
		{884A7ACF-B15A-45CA-9959-E0D0E85E012E} = {10812AE8-38A1-4044-AAC4-715FE51305E3}
		{9B70D335-FBA3-4C50-9059-5B4693F80198} = {10812AE8-38A1-4044-AAC4-715FE51305E3}
		{E18C24D6-9E3E-4F5A-9135-5BC9AE426824} = {BA53CC20-9D39-49F6-93FF-D011AF57D293}
		{CEAA9D06-9C52-4F38-BFBC-2B91D56A2498} = {8D2B627F-62F8-4E3E-BDFA-E1EA9FF8721B}
		{BB60D8DF-2371-47B4-91BE-16453559AF7D} = {8D2B627F-62F8-4E3E-BDFA-E1EA9FF8721B}
		{B07F5AA6-7686-428E-B441-8EF30632FC80} = {6C913F0B-9D37-4F67-BA2B-41D4760F91BF}
		{49E4ADFF-6819-42D8-BBCF-1B9619D4A296} = {B07F5AA6-7686-428E-B441-8EF30632FC80}
		{0E739D31-9B15-4D0A-A29E-D856C87EC664} = {051DE09D-0003-491E-9EFB-9158068A9436}
		{27CB269E-94AA-4B33-9796-0DF55D130A54} = {6C913F0B-9D37-4F67-BA2B-41D4760F91BF}
		{8FA23A56-272D-4B79-8CB3-7E69764DE2FC} = {27CB269E-94AA-4B33-9796-0DF55D130A54}
		{AC5B67B0-AD5D-4305-AA42-87D5B9A648D5} = {BA53CC20-9D39-49F6-93FF-D011AF57D293}
		{C596DB99-3049-4AC8-99B0-0BDDD698F7AD} = {6C913F0B-9D37-4F67-BA2B-41D4760F91BF}
		{B94D7A0A-93EC-43FA-A7C9-27CCFBFD4314} = {C596DB99-3049-4AC8-99B0-0BDDD698F7AD}
		{8CA5105B-EE1E-42DC-A830-8F47112680C7} = {BA53CC20-9D39-49F6-93FF-D011AF57D293}
		{7CF0FC94-4FEF-42E3-BD94-AF0B4CF7C0DB} = {27CB269E-94AA-4B33-9796-0DF55D130A54}
	EndGlobalSection
	GlobalSection(ExtensibilityGlobals) = postSolution
		SolutionGuid = {1CA2C4BF-718C-4F08-8432-92F523020E90}
	EndGlobalSection
EndGlobal
